// !$*UTF8*$!
{
	archiveVersion = 1;
	classes = {
	};
	objectVersion = 46;
	objects = {

/* Begin PBXFileReference section */
		2BB8D7EF1C5CFC1100D20F97 /* grid2drcfs_mex.cpp */ = {isa = PBXFileReference; lastKnownFileType = sourcecode.cpp.cpp; name = grid2drcfs_mex.cpp; path = ../ttcr_matlab/grid2drcfs_mex.cpp; sourceTree = "<group>"; };
		2BB8D7F01C5CFC7B00D20F97 /* Grid2Drcfs.h */ = {isa = PBXFileReference; lastKnownFileType = sourcecode.c.h; name = Grid2Drcfs.h; path = ../ttcr/Grid2Drcfs.h; sourceTree = "<group>"; };
/* End PBXFileReference section */

/* Begin PBXGroup section */
		2BB8D7E81C5CFBDB00D20F97 = {
			isa = PBXGroup;
			children = (
				2BB8D7F01C5CFC7B00D20F97 /* Grid2Drcfs.h */,
				2BB8D7EF1C5CFC1100D20F97 /* grid2drcfs_mex.cpp */,
			);
			sourceTree = "<group>";
		};
/* End PBXGroup section */

/* Begin PBXProject section */
		2BB8D7E91C5CFBDB00D20F97 /* Project object */ = {
			isa = PBXProject;
			attributes = {
				LastUpgradeCheck = 0720;
			};
			buildConfigurationList = 2BB8D7EC1C5CFBDB00D20F97 /* Build configuration list for PBXProject "debug_tt_mex" */;
			compatibilityVersion = "Xcode 3.2";
			developmentRegion = English;
			hasScannedForEncodings = 0;
			knownRegions = (
				en,
			);
			mainGroup = 2BB8D7E81C5CFBDB00D20F97;
			projectDirPath = "";
			projectRoot = "";
			targets = (
			);
		};
/* End PBXProject section */

/* Begin XCBuildConfiguration section */
		2BB8D7ED1C5CFBDB00D20F97 /* Debug */ = {
			isa = XCBuildConfiguration;
			buildSettings = {
			};
			name = Debug;
		};
		2BB8D7EE1C5CFBDB00D20F97 /* Release */ = {
			isa = XCBuildConfiguration;
			buildSettings = {
			};
			name = Release;
		};
/* End XCBuildConfiguration section */

/* Begin XCConfigurationList section */
		2BB8D7EC1C5CFBDB00D20F97 /* Build configuration list for PBXProject "debug_tt_mex" */ = {
			isa = XCConfigurationList;
			buildConfigurations = (
				2BB8D7ED1C5CFBDB00D20F97 /* Debug */,
				2BB8D7EE1C5CFBDB00D20F97 /* Release */,
			);
			defaultConfigurationIsVisible = 0;
			defaultConfigurationName = Release;
		};
/* End XCConfigurationList section */
	};
	rootObject = 2BB8D7E91C5CFBDB00D20F97 /* Project object */;
}
