// !$*UTF8*$!
{
	archiveVersion = 1;
	classes = {
	};
	objectVersion = 51;
	objects = {

/* Begin PBXBuildFile section */
		2B46D14C19F2B79C00E7ADFC /* msh2vtk.cpp in Sources */ = {isa = PBXBuildFile; fileRef = 2B46D14019F2B76700E7ADFC /* msh2vtk.cpp */; };
		2B46D15019F2B84700E7ADFC /* msh2vtk_io.cpp in Sources */ = {isa = PBXBuildFile; fileRef = 2B46D14E19F2B84700E7ADFC /* msh2vtk_io.cpp */; };
		2BB25EE522F07A72008765E9 /* ttcr3d_raypath.cpp in Sources */ = {isa = PBXBuildFile; fileRef = 2BB25EE422F07A72008765E9 /* ttcr3d_raypath.cpp */; };
		2BB25EEB22F07D8E008765E9 /* ttcr_io.cpp in Sources */ = {isa = PBXBuildFile; fileRef = 2BC708FE18EDA83B004DA2C9 /* ttcr_io.cpp */; };
		2BC708D718EDA599004DA2C9 /* ttcr3d.cpp in Sources */ = {isa = PBXBuildFile; fileRef = 2BC708D618EDA599004DA2C9 /* ttcr3d.cpp */; };
		2BC7090418EDA83B004DA2C9 /* ttcr_io.cpp in Sources */ = {isa = PBXBuildFile; fileRef = 2BC708FE18EDA83B004DA2C9 /* ttcr_io.cpp */; };
		2BC7090C18EDAAA0004DA2C9 /* ttcr2d.cpp in Sources */ = {isa = PBXBuildFile; fileRef = 2BC7090B18EDAAA0004DA2C9 /* ttcr2d.cpp */; };
		2BC7091218EDABD3004DA2C9 /* ttcr_io.cpp in Sources */ = {isa = PBXBuildFile; fileRef = 2BC708FE18EDA83B004DA2C9 /* ttcr_io.cpp */; };
		2BD0F4F718EED76000B3957F /* ttcr2ds.cpp in Sources */ = {isa = PBXBuildFile; fileRef = 2BD0F4F618EED76000B3957F /* ttcr2ds.cpp */; };
		2BD0F4FD18EED7E400B3957F /* ttcr_io.cpp in Sources */ = {isa = PBXBuildFile; fileRef = 2BC708FE18EDA83B004DA2C9 /* ttcr_io.cpp */; };
/* End PBXBuildFile section */

/* Begin PBXCopyFilesBuildPhase section */
		2B46D14319F2B78C00E7ADFC /* CopyFiles */ = {
			isa = PBXCopyFilesBuildPhase;
			buildActionMask = 2147483647;
			dstPath = /usr/share/man/man1/;
			dstSubfolderSpec = 0;
			files = (
			);
			runOnlyForDeploymentPostprocessing = 1;
		};
		2BB25EE022F07A72008765E9 /* CopyFiles */ = {
			isa = PBXCopyFilesBuildPhase;
			buildActionMask = 2147483647;
			dstPath = /usr/share/man/man1/;
			dstSubfolderSpec = 0;
			files = (
			);
			runOnlyForDeploymentPostprocessing = 1;
		};
		2BC708D118EDA599004DA2C9 /* CopyFiles */ = {
			isa = PBXCopyFilesBuildPhase;
			buildActionMask = 2147483647;
			dstPath = /usr/share/man/man1/;
			dstSubfolderSpec = 0;
			files = (
			);
			runOnlyForDeploymentPostprocessing = 1;
		};
		2BC7090718EDAAA0004DA2C9 /* CopyFiles */ = {
			isa = PBXCopyFilesBuildPhase;
			buildActionMask = 2147483647;
			dstPath = /usr/share/man/man1/;
			dstSubfolderSpec = 0;
			files = (
			);
			runOnlyForDeploymentPostprocessing = 1;
		};
		2BD0F4F218EED76000B3957F /* CopyFiles */ = {
			isa = PBXCopyFilesBuildPhase;
			buildActionMask = 2147483647;
			dstPath = /usr/share/man/man1/;
			dstSubfolderSpec = 0;
			files = (
			);
			runOnlyForDeploymentPostprocessing = 1;
		};
/* End PBXCopyFilesBuildPhase section */

/* Begin PBXFileReference section */
		2B04DD751AA75CC5000231E6 /* grid3dunfs.m */ = {isa = PBXFileReference; lastKnownFileType = sourcecode.c.objc; path = grid3dunfs.m; sourceTree = "<group>"; };
		2B04DD821AA75FFD000231E6 /* grid3dunfs_mex.cpp */ = {isa = PBXFileReference; fileEncoding = 4; lastKnownFileType = sourcecode.cpp.cpp; path = grid3dunfs_mex.cpp; sourceTree = "<group>"; };
		2B092FA820E1BEA5005C5B94 /* cmesh2d.pyx */ = {isa = PBXFileReference; explicitFileType = text.script.python; path = cmesh2d.pyx; sourceTree = "<group>"; };
		2B0B2DDB1D4A4C5600111F13 /* Grid2Dttcr.cpp */ = {isa = PBXFileReference; lastKnownFileType = sourcecode.cpp.cpp; path = Grid2Dttcr.cpp; sourceTree = "<group>"; };
		2B0B2DDC1D4A4C5600111F13 /* Grid2Dttcr.h */ = {isa = PBXFileReference; lastKnownFileType = sourcecode.c.h; path = Grid2Dttcr.h; sourceTree = "<group>"; };
		2B0B2DDE1D4A4CA600111F13 /* cgrid2d.pyx */ = {isa = PBXFileReference; explicitFileType = text.script.python; fileEncoding = 4; path = cgrid2d.pyx; sourceTree = "<group>"; };
		2B0CC4051C30C0DC001BC581 /* Grid3Drnfs.h */ = {isa = PBXFileReference; explicitFileType = sourcecode.cpp.h; path = Grid3Drnfs.h; sourceTree = "<group>"; };
		2B11D19318FE1FD30075EAAC /* Grid2Dunfm.h */ = {isa = PBXFileReference; explicitFileType = sourcecode.cpp.h; path = Grid2Dunfm.h; sourceTree = "<group>"; };
		2B11D19418FE25940075EAAC /* Grid2Dunfs.h */ = {isa = PBXFileReference; explicitFileType = sourcecode.cpp.h; path = Grid2Dunfs.h; sourceTree = "<group>"; };
		2B13061921C098620014DF15 /* Node3Dcd.h */ = {isa = PBXFileReference; explicitFileType = sourcecode.cpp.h; path = Node3Dcd.h; sourceTree = "<group>"; };
		2B150F0F1BB1E7D500475F01 /* Grid2Drnsp.h */ = {isa = PBXFileReference; explicitFileType = sourcecode.cpp.h; path = Grid2Drnsp.h; sourceTree = "<group>"; };
		2B17F25F1C2B535D00F9C97F /* Grid2Drc.h */ = {isa = PBXFileReference; explicitFileType = sourcecode.cpp.h; fileEncoding = 4; path = Grid2Drc.h; sourceTree = "<group>"; };
		2B17F2601C2B6A1300F9C97F /* Grid2Drcfs.h */ = {isa = PBXFileReference; explicitFileType = sourcecode.cpp.h; path = Grid2Drcfs.h; sourceTree = "<group>"; };
		2B2050D5241FFC3D0037C9AE /* rgrid.pyx */ = {isa = PBXFileReference; explicitFileType = text.script.python; path = rgrid.pyx; sourceTree = "<group>"; };
		2B205C6121A8D1840093037D /* Grid3Drcdsp.h */ = {isa = PBXFileReference; explicitFileType = sourcecode.cpp.h; path = Grid3Drcdsp.h; sourceTree = "<group>"; };
		2B3323751CA450D2005F3C8D /* README.md */ = {isa = PBXFileReference; fileEncoding = 4; lastKnownFileType = net.daringfireball.markdown; path = README.md; sourceTree = SOURCE_ROOT; };
		2B37D4BB1D4A4EFF00EA31E9 /* grid.py */ = {isa = PBXFileReference; lastKnownFileType = text.script.python; path = grid.py; sourceTree = "<group>"; };
		2B39B6A518F860BD003985D6 /* Grid2Dun.h */ = {isa = PBXFileReference; explicitFileType = sourcecode.cpp.h; path = Grid2Dun.h; sourceTree = "<group>"; xcLanguageSpecificationIdentifier = xcode.lang.cpp; };
		2B39B6A618F8808F003985D6 /* Grid2Dunsp.h */ = {isa = PBXFileReference; explicitFileType = sourcecode.cpp.h; path = Grid2Dunsp.h; sourceTree = "<group>"; };
		2B3CFD9E18FE137F005B4E1B /* Node2Dn.h */ = {isa = PBXFileReference; explicitFileType = sourcecode.cpp.h; path = Node2Dn.h; sourceTree = "<group>"; };
		2B3D86D21C5BE51100AFFA2A /* grid3drcsp.m */ = {isa = PBXFileReference; lastKnownFileType = sourcecode.c.objc; path = grid3drcsp.m; sourceTree = "<group>"; };
		2B3D86D31C5BF06100AFFA2A /* grid3drcsp_mex.cpp */ = {isa = PBXFileReference; lastKnownFileType = sourcecode.cpp.cpp; path = grid3drcsp_mex.cpp; sourceTree = "<group>"; };
		2B3D86ED1C5C060800AFFA2A /* grid3drcfs.m */ = {isa = PBXFileReference; lastKnownFileType = sourcecode.c.objc; path = grid3drcfs.m; sourceTree = "<group>"; };
		2B3D86EE1C5C065D00AFFA2A /* grid3drcfs_mex.cpp */ = {isa = PBXFileReference; fileEncoding = 4; lastKnownFileType = sourcecode.cpp.cpp; path = grid3drcfs_mex.cpp; sourceTree = "<group>"; };
		2B45CD3D1C5C39580083644A /* grid2drcfs.m */ = {isa = PBXFileReference; fileEncoding = 4; lastKnownFileType = sourcecode.c.objc; path = grid2drcfs.m; sourceTree = "<group>"; };
		2B45CD3F1C5C3A860083644A /* grid2drcfs_mex.cpp */ = {isa = PBXFileReference; fileEncoding = 4; lastKnownFileType = sourcecode.cpp.cpp; path = grid2drcfs_mex.cpp; sourceTree = "<group>"; };
		2B45CD501C5C3FBC0083644A /* grid2drcsp_mex.cpp */ = {isa = PBXFileReference; fileEncoding = 4; lastKnownFileType = sourcecode.cpp.cpp; path = grid2drcsp_mex.cpp; sourceTree = "<group>"; };
		2B45CD521C5C3FD70083644A /* grid2drcsp.m */ = {isa = PBXFileReference; lastKnownFileType = sourcecode.c.objc; path = grid2drcsp.m; sourceTree = "<group>"; };
		2B46D14019F2B76700E7ADFC /* msh2vtk.cpp */ = {isa = PBXFileReference; lastKnownFileType = sourcecode.cpp.cpp; path = msh2vtk.cpp; sourceTree = "<group>"; };
		2B46D14519F2B78C00E7ADFC /* msh2vtk */ = {isa = PBXFileReference; explicitFileType = "compiled.mach-o.executable"; includeInIndex = 0; path = msh2vtk; sourceTree = BUILT_PRODUCTS_DIR; };
		2B46D14D19F2B80E00E7ADFC /* structs_msh2vtk.h */ = {isa = PBXFileReference; explicitFileType = sourcecode.cpp.h; path = structs_msh2vtk.h; sourceTree = "<group>"; };
		2B46D14E19F2B84700E7ADFC /* msh2vtk_io.cpp */ = {isa = PBXFileReference; fileEncoding = 4; lastKnownFileType = sourcecode.cpp.cpp; path = msh2vtk_io.cpp; sourceTree = "<group>"; };
		2B46D14F19F2B84700E7ADFC /* msh2vtk_io.h */ = {isa = PBXFileReference; explicitFileType = sourcecode.cpp.h; fileEncoding = 4; path = msh2vtk_io.h; sourceTree = "<group>"; };
		2B6D56201D50358C00075138 /* utils.py */ = {isa = PBXFileReference; fileEncoding = 4; lastKnownFileType = text.script.python; path = utils.py; sourceTree = "<group>"; };
		2B6F87A7190F3EDA002AC9DF /* grid2dunsp_mex.cpp */ = {isa = PBXFileReference; lastKnownFileType = sourcecode.cpp.cpp; path = grid2dunsp_mex.cpp; sourceTree = "<group>"; };
		2B6F87AE190F4016002AC9DF /* class_handle.hpp */ = {isa = PBXFileReference; lastKnownFileType = sourcecode.cpp.h; path = class_handle.hpp; sourceTree = "<group>"; };
		2B6F87AF190F410D002AC9DF /* grid2dunsp.m */ = {isa = PBXFileReference; fileEncoding = 4; lastKnownFileType = sourcecode.c.objc; path = grid2dunsp.m; sourceTree = "<group>"; };
		2B6F87B1190F414D002AC9DF /* README.txt */ = {isa = PBXFileReference; lastKnownFileType = text; path = README.txt; sourceTree = "<group>"; };
		2B721612216CF34D00B8FAB2 /* Grid3Dundsp.h */ = {isa = PBXFileReference; explicitFileType = sourcecode.cpp.h; path = Grid3Dundsp.h; sourceTree = "<group>"; };
		2B76D8911BB2351D00F2D81F /* Grid2Drnfs.h */ = {isa = PBXFileReference; explicitFileType = sourcecode.cpp.h; path = Grid2Drnfs.h; sourceTree = "<group>"; };
		2B8837C11C81BC340081A37C /* Cell.h */ = {isa = PBXFileReference; explicitFileType = sourcecode.cpp.h; path = Cell.h; sourceTree = "<group>"; };
		2B8AAD8A1C3F51DB00C38269 /* Grid3Drcfs.h */ = {isa = PBXFileReference; explicitFileType = sourcecode.cpp.h; path = Grid3Drcfs.h; sourceTree = "<group>"; };
		2B8FC2501AB0D1E700EF9265 /* grid3dunsp_mex.cpp */ = {isa = PBXFileReference; lastKnownFileType = sourcecode.cpp.cpp; path = grid3dunsp_mex.cpp; sourceTree = "<group>"; };
		2B8FC25C1AB0D3AE00EF9265 /* grid3dunsp.m */ = {isa = PBXFileReference; lastKnownFileType = sourcecode.c.objc; path = grid3dunsp.m; sourceTree = "<group>"; };
		2B90ECD019053EC60015748B /* Grid3Dun.h */ = {isa = PBXFileReference; explicitFileType = sourcecode.cpp.h; path = Grid3Dun.h; sourceTree = "<group>"; };
		2B90ECD1190545970015748B /* Node3Dn.h */ = {isa = PBXFileReference; explicitFileType = sourcecode.cpp.h; path = Node3Dn.h; sourceTree = "<group>"; };
		2B90ECD219054B400015748B /* Grid3Dunfm.h */ = {isa = PBXFileReference; explicitFileType = sourcecode.cpp.h; path = Grid3Dunfm.h; sourceTree = "<group>"; };
		2B90ECD319054C3D0015748B /* Grid3Dunfs.h */ = {isa = PBXFileReference; explicitFileType = sourcecode.cpp.h; path = Grid3Dunfs.h; sourceTree = "<group>"; };
		2B98A47519070C6D00816CF1 /* Grid2Drn.h */ = {isa = PBXFileReference; explicitFileType = sourcecode.cpp.h; path = Grid2Drn.h; sourceTree = "<group>"; };
		2B9963541F067641004FED9D /* cgrid3d.pyx */ = {isa = PBXFileReference; explicitFileType = text.script.python; path = cgrid3d.pyx; sourceTree = "<group>"; };
		2BB25EE222F07A72008765E9 /* ttcr3d_raypath */ = {isa = PBXFileReference; explicitFileType = "compiled.mach-o.executable"; includeInIndex = 0; path = ttcr3d_raypath; sourceTree = BUILT_PRODUCTS_DIR; };
		2BB25EE422F07A72008765E9 /* ttcr3d_raypath.cpp */ = {isa = PBXFileReference; lastKnownFileType = sourcecode.cpp.cpp; path = ttcr3d_raypath.cpp; sourceTree = "<group>"; };
		2BBBF74A21C0502D00B6D63B /* Grid3Drndsp.h */ = {isa = PBXFileReference; explicitFileType = sourcecode.cpp.h; path = Grid3Drndsp.h; sourceTree = "<group>"; };
		2BC39C39216FD4D8001510F2 /* Grid3Ducdsp.h */ = {isa = PBXFileReference; explicitFileType = sourcecode.cpp.h; path = Grid3Ducdsp.h; sourceTree = "<group>"; };
		2BC708D318EDA599004DA2C9 /* ttcr3d */ = {isa = PBXFileReference; explicitFileType = "compiled.mach-o.executable"; includeInIndex = 0; path = ttcr3d; sourceTree = BUILT_PRODUCTS_DIR; };
		2BC708D618EDA599004DA2C9 /* ttcr3d.cpp */ = {isa = PBXFileReference; lastKnownFileType = sourcecode.cpp.cpp; path = ttcr3d.cpp; sourceTree = "<group>"; };
		2BC708DF18EDA65F004DA2C9 /* Grad.h */ = {isa = PBXFileReference; explicitFileType = sourcecode.cpp.h; fileEncoding = 4; path = Grad.h; sourceTree = "<group>"; };
		2BC708E018EDA65F004DA2C9 /* Grid2D.h */ = {isa = PBXFileReference; explicitFileType = sourcecode.cpp.h; fileEncoding = 4; path = Grid2D.h; sourceTree = "<group>"; };
		2BC708E118EDA65F004DA2C9 /* Grid2Drcsp.h */ = {isa = PBXFileReference; explicitFileType = sourcecode.cpp.h; fileEncoding = 4; path = Grid2Drcsp.h; sourceTree = "<group>"; };
		2BC708E218EDA65F004DA2C9 /* Grid2Duc.h */ = {isa = PBXFileReference; explicitFileType = sourcecode.cpp.h; fileEncoding = 4; path = Grid2Duc.h; sourceTree = "<group>"; };
		2BC708E318EDA65F004DA2C9 /* Grid2Ducfm.h */ = {isa = PBXFileReference; explicitFileType = sourcecode.cpp.h; fileEncoding = 4; path = Grid2Ducfm.h; sourceTree = "<group>"; };
		2BC708E418EDA65F004DA2C9 /* Grid2Ducfs.h */ = {isa = PBXFileReference; explicitFileType = sourcecode.cpp.h; fileEncoding = 4; path = Grid2Ducfs.h; sourceTree = "<group>"; };
		2BC708E518EDA65F004DA2C9 /* Grid2Ducsp.h */ = {isa = PBXFileReference; explicitFileType = sourcecode.cpp.h; fileEncoding = 4; path = Grid2Ducsp.h; sourceTree = "<group>"; };
		2BC708E618EDA65F004DA2C9 /* Grid3D.h */ = {isa = PBXFileReference; explicitFileType = sourcecode.cpp.h; fileEncoding = 4; path = Grid3D.h; sourceTree = "<group>"; };
		2BC708E818EDA65F004DA2C9 /* Grid3Drc.h */ = {isa = PBXFileReference; explicitFileType = sourcecode.cpp.h; fileEncoding = 4; path = Grid3Drc.h; sourceTree = "<group>"; };
		2BC708E918EDA65F004DA2C9 /* Grid3Drn.h */ = {isa = PBXFileReference; explicitFileType = sourcecode.cpp.h; fileEncoding = 4; path = Grid3Drn.h; sourceTree = "<group>"; };
		2BC708EA18EDA65F004DA2C9 /* Grid3Duc.h */ = {isa = PBXFileReference; explicitFileType = sourcecode.cpp.h; fileEncoding = 4; path = Grid3Duc.h; sourceTree = "<group>"; };
		2BC708EB18EDA65F004DA2C9 /* Grid3Ducfm.h */ = {isa = PBXFileReference; explicitFileType = sourcecode.cpp.h; fileEncoding = 4; path = Grid3Ducfm.h; sourceTree = "<group>"; };
		2BC708EC18EDA65F004DA2C9 /* Grid3Ducfs.h */ = {isa = PBXFileReference; explicitFileType = sourcecode.cpp.h; fileEncoding = 4; path = Grid3Ducfs.h; sourceTree = "<group>"; };
		2BC708ED18EDA65F004DA2C9 /* Grid3Ducsp.h */ = {isa = PBXFileReference; explicitFileType = sourcecode.cpp.h; fileEncoding = 4; path = Grid3Ducsp.h; sourceTree = "<group>"; };
		2BC708EE18EDA65F004DA2C9 /* Interface.h */ = {isa = PBXFileReference; explicitFileType = sourcecode.cpp.h; fileEncoding = 4; path = Interface.h; sourceTree = "<group>"; };
		2BC708EF18EDA65F004DA2C9 /* Interpolator.h */ = {isa = PBXFileReference; explicitFileType = sourcecode.cpp.h; fileEncoding = 4; path = Interpolator.h; sourceTree = "<group>"; };
		2BC708F018EDA67F004DA2C9 /* Metric.h */ = {isa = PBXFileReference; explicitFileType = sourcecode.cpp.h; fileEncoding = 4; path = Metric.h; sourceTree = "<group>"; };
		2BC708F118EDA67F004DA2C9 /* MSHReader.h */ = {isa = PBXFileReference; explicitFileType = sourcecode.cpp.h; fileEncoding = 4; path = MSHReader.h; sourceTree = "<group>"; };
		2BC708F218EDA67F004DA2C9 /* Node.h */ = {isa = PBXFileReference; explicitFileType = sourcecode.cpp.h; fileEncoding = 4; path = Node.h; sourceTree = "<group>"; };
		2BC708F318EDA67F004DA2C9 /* Node2Dc.h */ = {isa = PBXFileReference; explicitFileType = sourcecode.cpp.h; fileEncoding = 4; path = Node2Dc.h; sourceTree = "<group>"; };
		2BC708F418EDA67F004DA2C9 /* Node2Dcsp.h */ = {isa = PBXFileReference; explicitFileType = sourcecode.cpp.h; fileEncoding = 4; path = Node2Dcsp.h; sourceTree = "<group>"; };
		2BC708F518EDA67F004DA2C9 /* Node2Dnsp.h */ = {isa = PBXFileReference; explicitFileType = sourcecode.cpp.h; fileEncoding = 4; path = Node2Dnsp.h; sourceTree = "<group>"; };
		2BC708F618EDA67F004DA2C9 /* Node3Dc.h */ = {isa = PBXFileReference; explicitFileType = sourcecode.cpp.h; fileEncoding = 4; path = Node3Dc.h; sourceTree = "<group>"; };
		2BC708F718EDA67F004DA2C9 /* Node3Dcsp.h */ = {isa = PBXFileReference; explicitFileType = sourcecode.cpp.h; fileEncoding = 4; path = Node3Dcsp.h; sourceTree = "<group>"; };
		2BC708F818EDA67F004DA2C9 /* Node3Dnsp.h */ = {isa = PBXFileReference; explicitFileType = sourcecode.cpp.h; fileEncoding = 4; path = Node3Dnsp.h; sourceTree = "<group>"; };
		2BC708F918EDA67F004DA2C9 /* ttcr_t.h */ = {isa = PBXFileReference; explicitFileType = sourcecode.cpp.h; fileEncoding = 4; path = ttcr_t.h; sourceTree = "<group>"; };
		2BC708FA18EDA67F004DA2C9 /* utils.h */ = {isa = PBXFileReference; explicitFileType = sourcecode.cpp.h; fileEncoding = 4; path = utils.h; sourceTree = "<group>"; };
		2BC708FB18EDA67F004DA2C9 /* VTUReader.h */ = {isa = PBXFileReference; explicitFileType = sourcecode.cpp.h; fileEncoding = 4; path = VTUReader.h; sourceTree = "<group>"; };
		2BC708FC18EDA83B004DA2C9 /* Rcv.h */ = {isa = PBXFileReference; explicitFileType = sourcecode.cpp.h; fileEncoding = 4; path = Rcv.h; sourceTree = "<group>"; };
		2BC708FD18EDA83B004DA2C9 /* Rcv2D.h */ = {isa = PBXFileReference; explicitFileType = sourcecode.cpp.h; fileEncoding = 4; path = Rcv2D.h; sourceTree = "<group>"; };
		2BC708FE18EDA83B004DA2C9 /* ttcr_io.cpp */ = {isa = PBXFileReference; fileEncoding = 4; lastKnownFileType = sourcecode.cpp.cpp; path = ttcr_io.cpp; sourceTree = "<group>"; };
		2BC708FF18EDA83B004DA2C9 /* ttcr_io.h */ = {isa = PBXFileReference; explicitFileType = sourcecode.cpp.h; fileEncoding = 4; path = ttcr_io.h; sourceTree = "<group>"; };
		2BC7090018EDA83B004DA2C9 /* Src.h */ = {isa = PBXFileReference; explicitFileType = sourcecode.cpp.h; fileEncoding = 4; path = Src.h; sourceTree = "<group>"; };
		2BC7090118EDA83B004DA2C9 /* Src2D.h */ = {isa = PBXFileReference; explicitFileType = sourcecode.cpp.h; fileEncoding = 4; path = Src2D.h; sourceTree = "<group>"; };
		2BC7090218EDA83B004DA2C9 /* structs_ttcr.h */ = {isa = PBXFileReference; explicitFileType = sourcecode.cpp.h; fileEncoding = 4; path = structs_ttcr.h; sourceTree = "<group>"; };
		2BC7090318EDA83B004DA2C9 /* grids.h */ = {isa = PBXFileReference; explicitFileType = sourcecode.cpp.h; fileEncoding = 4; path = grids.h; sourceTree = "<group>"; };
		2BC7090918EDAAA0004DA2C9 /* ttcr2d */ = {isa = PBXFileReference; explicitFileType = "compiled.mach-o.executable"; includeInIndex = 0; path = ttcr2d; sourceTree = BUILT_PRODUCTS_DIR; };
		2BC7090B18EDAAA0004DA2C9 /* ttcr2d.cpp */ = {isa = PBXFileReference; lastKnownFileType = sourcecode.cpp.cpp; path = ttcr2d.cpp; sourceTree = "<group>"; };
		2BCC7A251DAF1EB8006747EF /* mesh.py */ = {isa = PBXFileReference; lastKnownFileType = text.script.python; path = mesh.py; sourceTree = "<group>"; };
		2BD0F4F418EED76000B3957F /* ttcr2ds */ = {isa = PBXFileReference; explicitFileType = "compiled.mach-o.executable"; includeInIndex = 0; path = ttcr2ds; sourceTree = BUILT_PRODUCTS_DIR; };
		2BD0F4F618EED76000B3957F /* ttcr2ds.cpp */ = {isa = PBXFileReference; lastKnownFileType = sourcecode.cpp.cpp; path = ttcr2ds.cpp; sourceTree = "<group>"; };
		2BDC7C20217B863700AC25AF /* Node3Dnd.h */ = {isa = PBXFileReference; explicitFileType = sourcecode.cpp.h; path = Node3Dnd.h; sourceTree = "<group>"; };
		2BDCA1D41DADB33100E26DEB /* Mesh3Dttcr.cpp */ = {isa = PBXFileReference; lastKnownFileType = sourcecode.cpp.cpp; path = Mesh3Dttcr.cpp; sourceTree = "<group>"; };
		2BDCA1D51DADB33100E26DEB /* Mesh3Dttcr.h */ = {isa = PBXFileReference; lastKnownFileType = sourcecode.c.h; path = Mesh3Dttcr.h; sourceTree = "<group>"; };
		2BDCA1D61DADCD6200E26DEB /* cmesh3d.pyx */ = {isa = PBXFileReference; explicitFileType = text.script.python; path = cmesh3d.pyx; sourceTree = "<group>"; };
		2BDE233B19DBA63F0001FC4D /* CMakeLists.txt */ = {isa = PBXFileReference; lastKnownFileType = text; path = CMakeLists.txt; sourceTree = "<group>"; };
		2BDE5D611C3EB25500223E26 /* Grid3Drnsp.h */ = {isa = PBXFileReference; explicitFileType = sourcecode.cpp.h; fileEncoding = 4; path = Grid3Drnsp.h; sourceTree = "<group>"; };
		2BDE5D621C3EB2D800223E26 /* Grid3Drcsp.h */ = {isa = PBXFileReference; explicitFileType = sourcecode.cpp.h; fileEncoding = 4; path = Grid3Drcsp.h; sourceTree = "<group>"; };
		2BF787831905A36200E80373 /* Grid3Dunsp.h */ = {isa = PBXFileReference; explicitFileType = sourcecode.cpp.h; path = Grid3Dunsp.h; sourceTree = "<group>"; };
/* End PBXFileReference section */

/* Begin PBXFrameworksBuildPhase section */
		2B46D14219F2B78C00E7ADFC /* Frameworks */ = {
			isa = PBXFrameworksBuildPhase;
			buildActionMask = 2147483647;
			files = (
			);
			runOnlyForDeploymentPostprocessing = 0;
		};
		2BB25EDF22F07A72008765E9 /* Frameworks */ = {
			isa = PBXFrameworksBuildPhase;
			buildActionMask = 2147483647;
			files = (
			);
			runOnlyForDeploymentPostprocessing = 0;
		};
		2BC708D018EDA599004DA2C9 /* Frameworks */ = {
			isa = PBXFrameworksBuildPhase;
			buildActionMask = 2147483647;
			files = (
			);
			runOnlyForDeploymentPostprocessing = 0;
		};
		2BC7090618EDAAA0004DA2C9 /* Frameworks */ = {
			isa = PBXFrameworksBuildPhase;
			buildActionMask = 2147483647;
			files = (
			);
			runOnlyForDeploymentPostprocessing = 0;
		};
		2BD0F4F118EED76000B3957F /* Frameworks */ = {
			isa = PBXFrameworksBuildPhase;
			buildActionMask = 2147483647;
			files = (
			);
			runOnlyForDeploymentPostprocessing = 0;
		};
/* End PBXFrameworksBuildPhase section */

/* Begin PBXGroup section */
		2B6F87A6190F3EDA002AC9DF /* ttcr_matlab */ = {
			isa = PBXGroup;
			children = (
				2B6F87A7190F3EDA002AC9DF /* grid2dunsp_mex.cpp */,
				2B6F87AF190F410D002AC9DF /* grid2dunsp.m */,
				2B8FC2501AB0D1E700EF9265 /* grid3dunsp_mex.cpp */,
				2B8FC25C1AB0D3AE00EF9265 /* grid3dunsp.m */,
				2B04DD821AA75FFD000231E6 /* grid3dunfs_mex.cpp */,
				2B04DD751AA75CC5000231E6 /* grid3dunfs.m */,
				2B6F87AE190F4016002AC9DF /* class_handle.hpp */,
				2B6F87B1190F414D002AC9DF /* README.txt */,
				2B3D86D21C5BE51100AFFA2A /* grid3drcsp.m */,
				2B3D86D31C5BF06100AFFA2A /* grid3drcsp_mex.cpp */,
				2B3D86ED1C5C060800AFFA2A /* grid3drcfs.m */,
				2B3D86EE1C5C065D00AFFA2A /* grid3drcfs_mex.cpp */,
				2B45CD3D1C5C39580083644A /* grid2drcfs.m */,
				2B45CD3F1C5C3A860083644A /* grid2drcfs_mex.cpp */,
				2B45CD521C5C3FD70083644A /* grid2drcsp.m */,
				2B45CD501C5C3FBC0083644A /* grid2drcsp_mex.cpp */,
			);
			path = ttcr_matlab;
			sourceTree = "<group>";
		};
		2BB7D5BA1D07A801004730B9 /* ttcrpy */ = {
			isa = PBXGroup;
			children = (
				2B2050D5241FFC3D0037C9AE /* rgrid.pyx */,
				2B6D56201D50358C00075138 /* utils.py */,
				2B0B2DDE1D4A4CA600111F13 /* cgrid2d.pyx */,
				2B9963541F067641004FED9D /* cgrid3d.pyx */,
				2B092FA820E1BEA5005C5B94 /* cmesh2d.pyx */,
				2BDCA1D61DADCD6200E26DEB /* cmesh3d.pyx */,
				2B0B2DDC1D4A4C5600111F13 /* Grid2Dttcr.h */,
				2B0B2DDB1D4A4C5600111F13 /* Grid2Dttcr.cpp */,
				2B37D4BB1D4A4EFF00EA31E9 /* grid.py */,
				2BDCA1D51DADB33100E26DEB /* Mesh3Dttcr.h */,
				2BDCA1D41DADB33100E26DEB /* Mesh3Dttcr.cpp */,
				2BCC7A251DAF1EB8006747EF /* mesh.py */,
			);
			path = ttcrpy;
			sourceTree = "<group>";
		};
		2BC708CA18EDA599004DA2C9 = {
			isa = PBXGroup;
			children = (
				2BB7D5BA1D07A801004730B9 /* ttcrpy */,
				2BC708D518EDA599004DA2C9 /* ttcr */,
				2B6F87A6190F3EDA002AC9DF /* ttcr_matlab */,
				2BC708D418EDA599004DA2C9 /* Products */,
			);
			sourceTree = "<group>";
		};
		2BC708D418EDA599004DA2C9 /* Products */ = {
			isa = PBXGroup;
			children = (
				2BC708D318EDA599004DA2C9 /* ttcr3d */,
				2BC7090918EDAAA0004DA2C9 /* ttcr2d */,
				2BD0F4F418EED76000B3957F /* ttcr2ds */,
				2B46D14519F2B78C00E7ADFC /* msh2vtk */,
				2BB25EE222F07A72008765E9 /* ttcr3d_raypath */,
			);
			name = Products;
			sourceTree = "<group>";
		};
		2BC708D518EDA599004DA2C9 /* ttcr */ = {
			isa = PBXGroup;
			children = (
				2B3323751CA450D2005F3C8D /* README.md */,
				2BC708FE18EDA83B004DA2C9 /* ttcr_io.cpp */,
				2BC7090B18EDAAA0004DA2C9 /* ttcr2d.cpp */,
				2BD0F4F618EED76000B3957F /* ttcr2ds.cpp */,
				2BC708D618EDA599004DA2C9 /* ttcr3d.cpp */,
				2B8837C11C81BC340081A37C /* Cell.h */,
				2BC708DF18EDA65F004DA2C9 /* Grad.h */,
				2BC7090318EDA83B004DA2C9 /* grids.h */,
				2BC708E018EDA65F004DA2C9 /* Grid2D.h */,
				2B17F25F1C2B535D00F9C97F /* Grid2Drc.h */,
				2BC708E118EDA65F004DA2C9 /* Grid2Drcsp.h */,
				2B17F2601C2B6A1300F9C97F /* Grid2Drcfs.h */,
				2B98A47519070C6D00816CF1 /* Grid2Drn.h */,
				2B76D8911BB2351D00F2D81F /* Grid2Drnfs.h */,
				2B150F0F1BB1E7D500475F01 /* Grid2Drnsp.h */,
				2BC708E218EDA65F004DA2C9 /* Grid2Duc.h */,
				2BC708E318EDA65F004DA2C9 /* Grid2Ducfm.h */,
				2BC708E418EDA65F004DA2C9 /* Grid2Ducfs.h */,
				2BC708E518EDA65F004DA2C9 /* Grid2Ducsp.h */,
				2B39B6A518F860BD003985D6 /* Grid2Dun.h */,
				2B11D19318FE1FD30075EAAC /* Grid2Dunfm.h */,
				2B11D19418FE25940075EAAC /* Grid2Dunfs.h */,
				2B39B6A618F8808F003985D6 /* Grid2Dunsp.h */,
				2BC708E618EDA65F004DA2C9 /* Grid3D.h */,
				2BC708E818EDA65F004DA2C9 /* Grid3Drc.h */,
				2B8AAD8A1C3F51DB00C38269 /* Grid3Drcfs.h */,
				2BDE5D621C3EB2D800223E26 /* Grid3Drcsp.h */,
				2B205C6121A8D1840093037D /* Grid3Drcdsp.h */,
				2BC708E918EDA65F004DA2C9 /* Grid3Drn.h */,
				2B0CC4051C30C0DC001BC581 /* Grid3Drnfs.h */,
				2BDE5D611C3EB25500223E26 /* Grid3Drnsp.h */,
				2BBBF74A21C0502D00B6D63B /* Grid3Drndsp.h */,
				2BC708EA18EDA65F004DA2C9 /* Grid3Duc.h */,
				2BC708EB18EDA65F004DA2C9 /* Grid3Ducfm.h */,
				2BC708EC18EDA65F004DA2C9 /* Grid3Ducfs.h */,
				2BC708ED18EDA65F004DA2C9 /* Grid3Ducsp.h */,
				2BC39C39216FD4D8001510F2 /* Grid3Ducdsp.h */,
				2B90ECD019053EC60015748B /* Grid3Dun.h */,
				2B90ECD219054B400015748B /* Grid3Dunfm.h */,
				2B90ECD319054C3D0015748B /* Grid3Dunfs.h */,
				2BF787831905A36200E80373 /* Grid3Dunsp.h */,
				2B721612216CF34D00B8FAB2 /* Grid3Dundsp.h */,
				2BC708EE18EDA65F004DA2C9 /* Interface.h */,
				2BC708EF18EDA65F004DA2C9 /* Interpolator.h */,
				2BC708F018EDA67F004DA2C9 /* Metric.h */,
				2BC708F118EDA67F004DA2C9 /* MSHReader.h */,
				2BC708F218EDA67F004DA2C9 /* Node.h */,
				2BC708F318EDA67F004DA2C9 /* Node2Dc.h */,
				2BC708F418EDA67F004DA2C9 /* Node2Dcsp.h */,
				2B3CFD9E18FE137F005B4E1B /* Node2Dn.h */,
				2BC708F518EDA67F004DA2C9 /* Node2Dnsp.h */,
				2BC708F618EDA67F004DA2C9 /* Node3Dc.h */,
				2B13061921C098620014DF15 /* Node3Dcd.h */,
				2BC708F718EDA67F004DA2C9 /* Node3Dcsp.h */,
				2B90ECD1190545970015748B /* Node3Dn.h */,
				2BDC7C20217B863700AC25AF /* Node3Dnd.h */,
				2BC708F818EDA67F004DA2C9 /* Node3Dnsp.h */,
				2BC708FC18EDA83B004DA2C9 /* Rcv.h */,
				2BC708FD18EDA83B004DA2C9 /* Rcv2D.h */,
				2BC7090018EDA83B004DA2C9 /* Src.h */,
				2BC7090118EDA83B004DA2C9 /* Src2D.h */,
				2BC7090218EDA83B004DA2C9 /* structs_ttcr.h */,
				2BC708FF18EDA83B004DA2C9 /* ttcr_io.h */,
				2BC708F918EDA67F004DA2C9 /* ttcr_t.h */,
				2BC708FA18EDA67F004DA2C9 /* utils.h */,
				2BC708FB18EDA67F004DA2C9 /* VTUReader.h */,
				2BDE233B19DBA63F0001FC4D /* CMakeLists.txt */,
				2B46D14019F2B76700E7ADFC /* msh2vtk.cpp */,
				2B46D14D19F2B80E00E7ADFC /* structs_msh2vtk.h */,
				2B46D14E19F2B84700E7ADFC /* msh2vtk_io.cpp */,
				2B46D14F19F2B84700E7ADFC /* msh2vtk_io.h */,
				2BB25EE422F07A72008765E9 /* ttcr3d_raypath.cpp */,
			);
			path = ttcr;
			sourceTree = "<group>";
		};
/* End PBXGroup section */

/* Begin PBXNativeTarget section */
		2B46D14419F2B78C00E7ADFC /* msh2vtk */ = {
			isa = PBXNativeTarget;
			buildConfigurationList = 2B46D14919F2B78C00E7ADFC /* Build configuration list for PBXNativeTarget "msh2vtk" */;
			buildPhases = (
				2B46D14119F2B78C00E7ADFC /* Sources */,
				2B46D14219F2B78C00E7ADFC /* Frameworks */,
				2B46D14319F2B78C00E7ADFC /* CopyFiles */,
			);
			buildRules = (
			);
			dependencies = (
			);
			name = msh2vtk;
			productName = msh2vtk;
			productReference = 2B46D14519F2B78C00E7ADFC /* msh2vtk */;
			productType = "com.apple.product-type.tool";
		};
		2BB25EE122F07A72008765E9 /* ttcr3d_raypath */ = {
			isa = PBXNativeTarget;
			buildConfigurationList = 2BB25EEA22F07A72008765E9 /* Build configuration list for PBXNativeTarget "ttcr3d_raypath" */;
			buildPhases = (
				2BB25EDE22F07A72008765E9 /* Sources */,
				2BB25EDF22F07A72008765E9 /* Frameworks */,
				2BB25EE022F07A72008765E9 /* CopyFiles */,
			);
			buildRules = (
			);
			dependencies = (
			);
			name = ttcr3d_raypath;
			productName = ttcr3d_raypath;
			productReference = 2BB25EE222F07A72008765E9 /* ttcr3d_raypath */;
			productType = "com.apple.product-type.tool";
		};
		2BC708D218EDA599004DA2C9 /* ttcr3d */ = {
			isa = PBXNativeTarget;
			buildConfigurationList = 2BC708DC18EDA599004DA2C9 /* Build configuration list for PBXNativeTarget "ttcr3d" */;
			buildPhases = (
				2BC708CF18EDA599004DA2C9 /* Sources */,
				2BC708D018EDA599004DA2C9 /* Frameworks */,
				2BC708D118EDA599004DA2C9 /* CopyFiles */,
			);
			buildRules = (
			);
			dependencies = (
			);
			name = ttcr3d;
			productName = ttcr;
			productReference = 2BC708D318EDA599004DA2C9 /* ttcr3d */;
			productType = "com.apple.product-type.tool";
		};
		2BC7090818EDAAA0004DA2C9 /* ttcr2d */ = {
			isa = PBXNativeTarget;
			buildConfigurationList = 2BC7090F18EDAAA0004DA2C9 /* Build configuration list for PBXNativeTarget "ttcr2d" */;
			buildPhases = (
				2BC7090518EDAAA0004DA2C9 /* Sources */,
				2BC7090618EDAAA0004DA2C9 /* Frameworks */,
				2BC7090718EDAAA0004DA2C9 /* CopyFiles */,
			);
			buildRules = (
			);
			dependencies = (
			);
			name = ttcr2d;
			productName = ttcr2d;
			productReference = 2BC7090918EDAAA0004DA2C9 /* ttcr2d */;
			productType = "com.apple.product-type.tool";
		};
		2BD0F4F318EED76000B3957F /* ttcr2ds */ = {
			isa = PBXNativeTarget;
			buildConfigurationList = 2BD0F4FC18EED76000B3957F /* Build configuration list for PBXNativeTarget "ttcr2ds" */;
			buildPhases = (
				2BD0F4F018EED76000B3957F /* Sources */,
				2BD0F4F118EED76000B3957F /* Frameworks */,
				2BD0F4F218EED76000B3957F /* CopyFiles */,
			);
			buildRules = (
			);
			dependencies = (
			);
			name = ttcr2ds;
			productName = ttcf2ds;
			productReference = 2BD0F4F418EED76000B3957F /* ttcr2ds */;
			productType = "com.apple.product-type.tool";
		};
/* End PBXNativeTarget section */

/* Begin PBXProject section */
		2BC708CB18EDA599004DA2C9 /* Project object */ = {
			isa = PBXProject;
			attributes = {
				LastUpgradeCheck = 0930;
				ORGANIZATIONNAME = "Bernard Giroux";
				TargetAttributes = {
					2B46D14419F2B78C00E7ADFC = {
						CreatedOnToolsVersion = 6.0.1;
					};
					2BB25EE122F07A72008765E9 = {
						CreatedOnToolsVersion = 10.3;
					};
				};
			};
			buildConfigurationList = 2BC708CE18EDA599004DA2C9 /* Build configuration list for PBXProject "ttcr" */;
			compatibilityVersion = "Xcode 10.0";
			developmentRegion = English;
			hasScannedForEncodings = 0;
			knownRegions = (
				English,
				en,
			);
			mainGroup = 2BC708CA18EDA599004DA2C9;
			productRefGroup = 2BC708D418EDA599004DA2C9 /* Products */;
			projectDirPath = "";
			projectRoot = "";
			targets = (
				2BC708D218EDA599004DA2C9 /* ttcr3d */,
				2BC7090818EDAAA0004DA2C9 /* ttcr2d */,
				2BD0F4F318EED76000B3957F /* ttcr2ds */,
				2B46D14419F2B78C00E7ADFC /* msh2vtk */,
				2BB25EE122F07A72008765E9 /* ttcr3d_raypath */,
			);
		};
/* End PBXProject section */

/* Begin PBXSourcesBuildPhase section */
		2B46D14119F2B78C00E7ADFC /* Sources */ = {
			isa = PBXSourcesBuildPhase;
			buildActionMask = 2147483647;
			files = (
				2B46D14C19F2B79C00E7ADFC /* msh2vtk.cpp in Sources */,
				2B46D15019F2B84700E7ADFC /* msh2vtk_io.cpp in Sources */,
			);
			runOnlyForDeploymentPostprocessing = 0;
		};
		2BB25EDE22F07A72008765E9 /* Sources */ = {
			isa = PBXSourcesBuildPhase;
			buildActionMask = 2147483647;
			files = (
				2BB25EEB22F07D8E008765E9 /* ttcr_io.cpp in Sources */,
				2BB25EE522F07A72008765E9 /* ttcr3d_raypath.cpp in Sources */,
			);
			runOnlyForDeploymentPostprocessing = 0;
		};
		2BC708CF18EDA599004DA2C9 /* Sources */ = {
			isa = PBXSourcesBuildPhase;
			buildActionMask = 2147483647;
			files = (
				2BC7090418EDA83B004DA2C9 /* ttcr_io.cpp in Sources */,
				2BC708D718EDA599004DA2C9 /* ttcr3d.cpp in Sources */,
			);
			runOnlyForDeploymentPostprocessing = 0;
		};
		2BC7090518EDAAA0004DA2C9 /* Sources */ = {
			isa = PBXSourcesBuildPhase;
			buildActionMask = 2147483647;
			files = (
				2BC7091218EDABD3004DA2C9 /* ttcr_io.cpp in Sources */,
				2BC7090C18EDAAA0004DA2C9 /* ttcr2d.cpp in Sources */,
			);
			runOnlyForDeploymentPostprocessing = 0;
		};
		2BD0F4F018EED76000B3957F /* Sources */ = {
			isa = PBXSourcesBuildPhase;
			buildActionMask = 2147483647;
			files = (
				2BD0F4FD18EED7E400B3957F /* ttcr_io.cpp in Sources */,
				2BD0F4F718EED76000B3957F /* ttcr2ds.cpp in Sources */,
			);
			runOnlyForDeploymentPostprocessing = 0;
		};
/* End PBXSourcesBuildPhase section */

/* Begin XCBuildConfiguration section */
		2B42E65C21833A8B00E44058 /* Debug_RP */ = {
			isa = XCBuildConfiguration;
			buildSettings = {
				ALWAYS_SEARCH_USER_PATHS = NO;
				CLANG_CXX_LANGUAGE_STANDARD = "c++0x";
				CLANG_CXX_LIBRARY = "libc++";
				CLANG_ENABLE_OBJC_ARC = YES;
				CLANG_WARN_BLOCK_CAPTURE_AUTORELEASING = YES;
				CLANG_WARN_BOOL_CONVERSION = YES;
				CLANG_WARN_COMMA = YES;
				CLANG_WARN_CONSTANT_CONVERSION = YES;
				CLANG_WARN_DEPRECATED_OBJC_IMPLEMENTATIONS = YES;
				CLANG_WARN_DIRECT_OBJC_ISA_USAGE = YES_ERROR;
				CLANG_WARN_EMPTY_BODY = YES;
				CLANG_WARN_ENUM_CONVERSION = YES;
				CLANG_WARN_INFINITE_RECURSION = YES;
				CLANG_WARN_INT_CONVERSION = YES;
				CLANG_WARN_NON_LITERAL_NULL_CONVERSION = YES;
				CLANG_WARN_OBJC_IMPLICIT_RETAIN_SELF = YES;
				CLANG_WARN_OBJC_LITERAL_CONVERSION = YES;
				CLANG_WARN_OBJC_ROOT_CLASS = YES_ERROR;
				CLANG_WARN_RANGE_LOOP_ANALYSIS = YES;
				CLANG_WARN_STRICT_PROTOTYPES = YES;
				CLANG_WARN_SUSPICIOUS_MOVE = YES;
				CLANG_WARN_UNREACHABLE_CODE = YES;
				CLANG_WARN__DUPLICATE_METHOD_MATCH = YES;
				COPY_PHASE_STRIP = NO;
				DEPLOYMENT_LOCATION = YES;
				DSTROOT = /;
				ENABLE_STRICT_OBJC_MSGSEND = YES;
				ENABLE_TESTABILITY = YES;
				GCC_C_LANGUAGE_STANDARD = gnu99;
				GCC_DYNAMIC_NO_PIC = NO;
				GCC_ENABLE_OBJC_EXCEPTIONS = YES;
				GCC_NO_COMMON_BLOCKS = YES;
				GCC_OPTIMIZATION_LEVEL = 0;
				GCC_PREPROCESSOR_DEFINITIONS = (
					"DEBUG=1",
					"$(inherited)",
					VTK,
					DEBUG_RP,
				);
				GCC_SYMBOLS_PRIVATE_EXTERN = NO;
				GCC_WARN_64_TO_32_BIT_CONVERSION = YES;
				GCC_WARN_ABOUT_RETURN_TYPE = YES_ERROR;
				GCC_WARN_UNDECLARED_SELECTOR = YES;
				GCC_WARN_UNINITIALIZED_AUTOS = YES;
				GCC_WARN_UNUSED_FUNCTION = YES;
				GCC_WARN_UNUSED_VARIABLE = YES;
				HEADER_SEARCH_PATHS = (
					"$(inherited)",
					/Applications/Xcode.app/Contents/Developer/Toolchains/XcodeDefault.xctoolchain/usr/include,
					/opt/local/include,
					/opt/local/include/eigen3,
					"/usr/local/VTK/include/vtk-8.2",
					"$(inherited)/half-2.0.0/include",
				);
				INSTALL_PATH = "$(HOME)/bin";
				LIBRARY_SEARCH_PATHS = /opt/local/lib;
				MACOSX_DEPLOYMENT_TARGET = 10.10;
				NEW_SETTING = "";
				ONLY_ACTIVE_ARCH = YES;
				OTHER_LDFLAGS = (
					"-lvtkIOXML-8.2",
					"-lvtkCommonDataModel-8.2",
					"-lvtkCommonCore-8.2",
					"-L/usr/local/VTK/lib",
				);
				SDKROOT = macosx;
			};
			name = Debug_RP;
		};
		2B42E65D21833A8B00E44058 /* Debug_RP */ = {
			isa = XCBuildConfiguration;
			buildSettings = {
				CURRENT_PROJECT_VERSION = 1.0;
				DSTROOT = /;
				GCC_WARN_PEDANTIC = NO;
				HEADER_SEARCH_PATHS = (
					"$(inherited)",
					/Applications/Xcode.app/Contents/Developer/Toolchains/XcodeDefault.xctoolchain/usr/include,
					/opt/local/include,
					/opt/local/include/eigen3,
				);
				LIBRARY_SEARCH_PATHS = (
					"$(inherited)",
					"$(PROJECT_DIR)",
				);
				OTHER_LDFLAGS = "$(inherited)";
				PRODUCT_NAME = "$(TARGET_NAME)";
			};
			name = Debug_RP;
		};
		2B42E65E21833A8B00E44058 /* Debug_RP */ = {
			isa = XCBuildConfiguration;
			buildSettings = {
				CLANG_CXX_LANGUAGE_STANDARD = "c++0x";
				GCC_PREPROCESSOR_DEFINITIONS = (
					"DEBUG=1",
					"$(inherited)",
				);
				HEADER_SEARCH_PATHS = (
					"$(inherited)",
					/Applications/Xcode.app/Contents/Developer/Toolchains/XcodeDefault.xctoolchain/usr/include,
					/opt/local/include,
					/opt/local/include/eigen3,
				);
				LIBRARY_SEARCH_PATHS = (
					"$(inherited)",
					"$(PROJECT_DIR)",
				);
				OTHER_LDFLAGS = "$(inherited)";
				PRODUCT_NAME = "$(TARGET_NAME)";
			};
			name = Debug_RP;
		};
		2B42E65F21833A8B00E44058 /* Debug_RP */ = {
			isa = XCBuildConfiguration;
			buildSettings = {
				CLANG_CXX_LANGUAGE_STANDARD = "c++0x";
				DEPLOYMENT_LOCATION = YES;
				GCC_PREPROCESSOR_DEFINITIONS = (
					"DEBUG=1",
					"$(inherited)",
				);
				HEADER_SEARCH_PATHS = (
					"$(inherited)",
					/Applications/Xcode.app/Contents/Developer/Toolchains/XcodeDefault.xctoolchain/usr/include,
					/opt/local/include,
					/opt/local/include/eigen3,
				);
				INSTALL_PATH = "$(HOME)/bin";
				LIBRARY_SEARCH_PATHS = (
					"$(inherited)",
					"$(PROJECT_DIR)",
				);
				PRODUCT_NAME = "$(TARGET_NAME)";
			};
			name = Debug_RP;
		};
		2B42E66121833A8B00E44058 /* Debug_RP */ = {
			isa = XCBuildConfiguration;
			buildSettings = {
				CLANG_CXX_LANGUAGE_STANDARD = "c++0x";
				CLANG_ENABLE_MODULES = YES;
				CLANG_WARN_UNREACHABLE_CODE = YES;
				ENABLE_STRICT_OBJC_MSGSEND = YES;
				GCC_PREPROCESSOR_DEFINITIONS = (
					"DEBUG=1",
					"$(inherited)",
				);
				GCC_WARN_UNINITIALIZED_AUTOS = YES_AGGRESSIVE;
				LIBRARY_SEARCH_PATHS = (
					"$(inherited)",
					/usr/local/VTK/lib,
					"$(PROJECT_DIR)",
				);
				MTL_ENABLE_DEBUG_INFO = YES;
				PRODUCT_NAME = "$(TARGET_NAME)";
			};
			name = Debug_RP;
		};
		2B46D14A19F2B78C00E7ADFC /* Debug */ = {
			isa = XCBuildConfiguration;
			buildSettings = {
				CLANG_CXX_LANGUAGE_STANDARD = "c++0x";
				CLANG_ENABLE_MODULES = YES;
				CLANG_WARN_UNREACHABLE_CODE = YES;
				ENABLE_STRICT_OBJC_MSGSEND = YES;
				GCC_PREPROCESSOR_DEFINITIONS = (
					"DEBUG=1",
					"$(inherited)",
				);
				GCC_WARN_UNINITIALIZED_AUTOS = YES_AGGRESSIVE;
				LIBRARY_SEARCH_PATHS = (
					"$(inherited)",
					/usr/local/VTK/lib,
					"$(PROJECT_DIR)",
				);
				MTL_ENABLE_DEBUG_INFO = YES;
				PRODUCT_NAME = "$(TARGET_NAME)";
			};
			name = Debug;
		};
		2B46D14B19F2B78C00E7ADFC /* Release */ = {
			isa = XCBuildConfiguration;
			buildSettings = {
				CLANG_CXX_LANGUAGE_STANDARD = "c++0x";
				CLANG_ENABLE_MODULES = YES;
				CLANG_WARN_UNREACHABLE_CODE = YES;
				ENABLE_STRICT_OBJC_MSGSEND = YES;
				GCC_WARN_UNINITIALIZED_AUTOS = YES_AGGRESSIVE;
				LIBRARY_SEARCH_PATHS = (
					"$(inherited)",
					/usr/local/VTK/lib,
					"$(PROJECT_DIR)",
				);
				MTL_ENABLE_DEBUG_INFO = NO;
				PRODUCT_NAME = "$(TARGET_NAME)";
			};
			name = Release;
		};
		2BB25EE622F07A72008765E9 /* Debug */ = {
			isa = XCBuildConfiguration;
			buildSettings = {
				CLANG_ANALYZER_NONNULL = YES;
				CLANG_ANALYZER_NUMBER_OBJECT_CONVERSION = YES_AGGRESSIVE;
				CLANG_CXX_LANGUAGE_STANDARD = "gnu++14";
				CLANG_ENABLE_MODULES = YES;
				CLANG_ENABLE_OBJC_WEAK = YES;
				CLANG_WARN_DOCUMENTATION_COMMENTS = YES;
				CLANG_WARN_UNGUARDED_AVAILABILITY = YES_AGGRESSIVE;
				CODE_SIGN_IDENTITY = "-";
				CODE_SIGN_STYLE = Automatic;
				DEBUG_INFORMATION_FORMAT = "";
				GCC_C_LANGUAGE_STANDARD = gnu11;
				GCC_PREPROCESSOR_DEFINITIONS = (
					"DEBUG=1",
					"$(inherited)",
				);
				GCC_WARN_UNINITIALIZED_AUTOS = YES_AGGRESSIVE;
				HEADER_SEARCH_PATHS = (
					"$(inherited)",
					/Applications/Xcode.app/Contents/Developer/Toolchains/XcodeDefault.xctoolchain/usr/include,
					/opt/local/include,
					/opt/local/include/eigen3,
					"/usr/local/VTK/include/vtk-8.2",
					"$(inherited)/half-2.0.0/include",
				);
				MACOSX_DEPLOYMENT_TARGET = 10.14;
				MTL_ENABLE_DEBUG_INFO = INCLUDE_SOURCE;
				MTL_FAST_MATH = YES;
				PRODUCT_NAME = "$(TARGET_NAME)";
			};
			name = Debug;
		};
		2BB25EE722F07A72008765E9 /* Debug_RP */ = {
			isa = XCBuildConfiguration;
			buildSettings = {
				CLANG_ANALYZER_NONNULL = YES;
				CLANG_ANALYZER_NUMBER_OBJECT_CONVERSION = YES_AGGRESSIVE;
				CLANG_CXX_LANGUAGE_STANDARD = "gnu++14";
				CLANG_ENABLE_MODULES = YES;
				CLANG_ENABLE_OBJC_WEAK = YES;
				CLANG_WARN_DOCUMENTATION_COMMENTS = YES;
				CLANG_WARN_UNGUARDED_AVAILABILITY = YES_AGGRESSIVE;
				CODE_SIGN_IDENTITY = "-";
				CODE_SIGN_STYLE = Automatic;
				DEBUG_INFORMATION_FORMAT = "";
				GCC_C_LANGUAGE_STANDARD = gnu11;
				GCC_PREPROCESSOR_DEFINITIONS = (
					"DEBUG=1",
					"$(inherited)",
				);
				GCC_WARN_UNINITIALIZED_AUTOS = YES_AGGRESSIVE;
				HEADER_SEARCH_PATHS = (
					"$(inherited)",
					/Applications/Xcode.app/Contents/Developer/Toolchains/XcodeDefault.xctoolchain/usr/include,
					/opt/local/include,
					/opt/local/include/eigen3,
					"/usr/local/VTK/include/vtk-8.2",
					"$(inherited)/half-2.0.0/include",
				);
				MACOSX_DEPLOYMENT_TARGET = 10.14;
				MTL_ENABLE_DEBUG_INFO = INCLUDE_SOURCE;
				MTL_FAST_MATH = YES;
				PRODUCT_NAME = "$(TARGET_NAME)";
			};
			name = Debug_RP;
		};
		2BB25EE822F07A72008765E9 /* Debug_O */ = {
			isa = XCBuildConfiguration;
			buildSettings = {
				CLANG_ANALYZER_NONNULL = YES;
				CLANG_ANALYZER_NUMBER_OBJECT_CONVERSION = YES_AGGRESSIVE;
				CLANG_CXX_LANGUAGE_STANDARD = "gnu++14";
				CLANG_ENABLE_MODULES = YES;
				CLANG_ENABLE_OBJC_WEAK = YES;
				CLANG_WARN_DOCUMENTATION_COMMENTS = YES;
				CLANG_WARN_UNGUARDED_AVAILABILITY = YES_AGGRESSIVE;
				CODE_SIGN_IDENTITY = "-";
				CODE_SIGN_STYLE = Automatic;
				DEBUG_INFORMATION_FORMAT = "";
				GCC_C_LANGUAGE_STANDARD = gnu11;
				GCC_PREPROCESSOR_DEFINITIONS = (
					"DEBUG=1",
					"$(inherited)",
				);
				GCC_WARN_UNINITIALIZED_AUTOS = YES_AGGRESSIVE;
				HEADER_SEARCH_PATHS = (
					"$(inherited)",
					/Applications/Xcode.app/Contents/Developer/Toolchains/XcodeDefault.xctoolchain/usr/include,
					/opt/local/include,
					/opt/local/include/eigen3,
					"/usr/local/VTK/include/vtk-8.2",
					"$(inherited)/half-2.0.0/include",
				);
				MACOSX_DEPLOYMENT_TARGET = 10.14;
				MTL_ENABLE_DEBUG_INFO = INCLUDE_SOURCE;
				MTL_FAST_MATH = YES;
				PRODUCT_NAME = "$(TARGET_NAME)";
			};
			name = Debug_O;
		};
		2BB25EE922F07A72008765E9 /* Release */ = {
			isa = XCBuildConfiguration;
			buildSettings = {
				CLANG_ANALYZER_NONNULL = YES;
				CLANG_ANALYZER_NUMBER_OBJECT_CONVERSION = YES_AGGRESSIVE;
				CLANG_CXX_LANGUAGE_STANDARD = "gnu++14";
				CLANG_ENABLE_MODULES = YES;
				CLANG_ENABLE_OBJC_WEAK = YES;
				CLANG_WARN_DOCUMENTATION_COMMENTS = YES;
				CLANG_WARN_UNGUARDED_AVAILABILITY = YES_AGGRESSIVE;
				CODE_SIGN_IDENTITY = "-";
				CODE_SIGN_STYLE = Automatic;
				COPY_PHASE_STRIP = NO;
				DEBUG_INFORMATION_FORMAT = "";
				GCC_C_LANGUAGE_STANDARD = gnu11;
				GCC_WARN_UNINITIALIZED_AUTOS = YES_AGGRESSIVE;
				HEADER_SEARCH_PATHS = (
					"$(inherited)",
					/Applications/Xcode.app/Contents/Developer/Toolchains/XcodeDefault.xctoolchain/usr/include,
					/opt/local/include,
					/opt/local/include/eigen3,
					"/usr/local/VTK/include/vtk-8.2",
					"$(inherited)/half-2.0.0/include",
				);
				MACOSX_DEPLOYMENT_TARGET = 10.14;
				MTL_ENABLE_DEBUG_INFO = NO;
				MTL_FAST_MATH = YES;
				PRODUCT_NAME = "$(TARGET_NAME)";
			};
			name = Release;
		};
		2BC708DA18EDA599004DA2C9 /* Debug */ = {
			isa = XCBuildConfiguration;
			buildSettings = {
				ALWAYS_SEARCH_USER_PATHS = NO;
				CLANG_CXX_LANGUAGE_STANDARD = "c++0x";
				CLANG_CXX_LIBRARY = "libc++";
				CLANG_ENABLE_OBJC_ARC = YES;
				CLANG_WARN_BLOCK_CAPTURE_AUTORELEASING = YES;
				CLANG_WARN_BOOL_CONVERSION = YES;
				CLANG_WARN_COMMA = YES;
				CLANG_WARN_CONSTANT_CONVERSION = YES;
				CLANG_WARN_DEPRECATED_OBJC_IMPLEMENTATIONS = YES;
				CLANG_WARN_DIRECT_OBJC_ISA_USAGE = YES_ERROR;
				CLANG_WARN_EMPTY_BODY = YES;
				CLANG_WARN_ENUM_CONVERSION = YES;
				CLANG_WARN_INFINITE_RECURSION = YES;
				CLANG_WARN_INT_CONVERSION = YES;
				CLANG_WARN_NON_LITERAL_NULL_CONVERSION = YES;
				CLANG_WARN_OBJC_IMPLICIT_RETAIN_SELF = YES;
				CLANG_WARN_OBJC_LITERAL_CONVERSION = YES;
				CLANG_WARN_OBJC_ROOT_CLASS = YES_ERROR;
				CLANG_WARN_RANGE_LOOP_ANALYSIS = YES;
				CLANG_WARN_STRICT_PROTOTYPES = YES;
				CLANG_WARN_SUSPICIOUS_MOVE = YES;
				CLANG_WARN_UNREACHABLE_CODE = YES;
				CLANG_WARN__DUPLICATE_METHOD_MATCH = YES;
				COPY_PHASE_STRIP = NO;
				DEPLOYMENT_LOCATION = YES;
				DSTROOT = /;
				ENABLE_STRICT_OBJC_MSGSEND = YES;
				ENABLE_TESTABILITY = YES;
				GCC_C_LANGUAGE_STANDARD = gnu99;
				GCC_DYNAMIC_NO_PIC = NO;
				GCC_ENABLE_OBJC_EXCEPTIONS = YES;
				GCC_NO_COMMON_BLOCKS = YES;
				GCC_OPTIMIZATION_LEVEL = 0;
				GCC_PREPROCESSOR_DEFINITIONS = (
					"DEBUG=1",
					"$(inherited)",
					VTK,
				);
				GCC_SYMBOLS_PRIVATE_EXTERN = NO;
				GCC_WARN_64_TO_32_BIT_CONVERSION = YES;
				GCC_WARN_ABOUT_RETURN_TYPE = YES_ERROR;
				GCC_WARN_UNDECLARED_SELECTOR = YES;
				GCC_WARN_UNINITIALIZED_AUTOS = YES;
				GCC_WARN_UNUSED_FUNCTION = YES;
				GCC_WARN_UNUSED_VARIABLE = YES;
				HEADER_SEARCH_PATHS = (
					"$(inherited)",
					/Applications/Xcode.app/Contents/Developer/Toolchains/XcodeDefault.xctoolchain/usr/include,
					/opt/local/include,
					/opt/local/include/eigen3,
					"/usr/local/VTK/include/vtk-8.2",
					"$(inherited)/half-2.0.0/include",
				);
				INSTALL_PATH = "$(HOME)/bin";
				LIBRARY_SEARCH_PATHS = /opt/local/lib;
				MACOSX_DEPLOYMENT_TARGET = 10.10;
				NEW_SETTING = "";
				ONLY_ACTIVE_ARCH = YES;
				OTHER_LDFLAGS = (
					"-lvtkIOXML-8.2",
					"-lvtkCommonDataModel-8.2",
					"-lvtkCommonCore-8.2",
					"-L/usr/local/VTK/lib",
				);
				SDKROOT = macosx;
			};
			name = Debug;
		};
		2BC708DB18EDA599004DA2C9 /* Release */ = {
			isa = XCBuildConfiguration;
			buildSettings = {
				ALWAYS_SEARCH_USER_PATHS = NO;
				CLANG_CXX_LANGUAGE_STANDARD = "c++0x";
				CLANG_CXX_LIBRARY = "libc++";
				CLANG_ENABLE_OBJC_ARC = YES;
				CLANG_WARN_BLOCK_CAPTURE_AUTORELEASING = YES;
				CLANG_WARN_BOOL_CONVERSION = YES;
				CLANG_WARN_COMMA = YES;
				CLANG_WARN_CONSTANT_CONVERSION = YES;
				CLANG_WARN_DEPRECATED_OBJC_IMPLEMENTATIONS = YES;
				CLANG_WARN_DIRECT_OBJC_ISA_USAGE = YES_ERROR;
				CLANG_WARN_EMPTY_BODY = YES;
				CLANG_WARN_ENUM_CONVERSION = YES;
				CLANG_WARN_INFINITE_RECURSION = YES;
				CLANG_WARN_INT_CONVERSION = YES;
				CLANG_WARN_NON_LITERAL_NULL_CONVERSION = YES;
				CLANG_WARN_OBJC_IMPLICIT_RETAIN_SELF = YES;
				CLANG_WARN_OBJC_LITERAL_CONVERSION = YES;
				CLANG_WARN_OBJC_ROOT_CLASS = YES_ERROR;
				CLANG_WARN_RANGE_LOOP_ANALYSIS = YES;
				CLANG_WARN_STRICT_PROTOTYPES = YES;
				CLANG_WARN_SUSPICIOUS_MOVE = YES;
				CLANG_WARN_UNREACHABLE_CODE = YES;
				CLANG_WARN__DUPLICATE_METHOD_MATCH = YES;
				COPY_PHASE_STRIP = YES;
				DEBUG_INFORMATION_FORMAT = "";
				DEPLOYMENT_LOCATION = YES;
				DSTROOT = /;
				ENABLE_NS_ASSERTIONS = NO;
				ENABLE_STRICT_OBJC_MSGSEND = YES;
				GCC_C_LANGUAGE_STANDARD = gnu99;
				GCC_ENABLE_OBJC_EXCEPTIONS = YES;
				GCC_NO_COMMON_BLOCKS = YES;
				GCC_OPTIMIZATION_LEVEL = 3;
				GCC_PREPROCESSOR_DEFINITIONS = (
					NDEBUG,
					VTK,
				);
				GCC_WARN_64_TO_32_BIT_CONVERSION = YES;
				GCC_WARN_ABOUT_RETURN_TYPE = YES_ERROR;
				GCC_WARN_UNDECLARED_SELECTOR = YES;
				GCC_WARN_UNINITIALIZED_AUTOS = YES;
				GCC_WARN_UNUSED_FUNCTION = YES;
				GCC_WARN_UNUSED_VARIABLE = YES;
				HEADER_SEARCH_PATHS = (
					"$(inherited)",
					/Applications/Xcode.app/Contents/Developer/Toolchains/XcodeDefault.xctoolchain/usr/include,
					/opt/local/include,
					/opt/local/include/eigen3,
					"/usr/local/VTK/include/vtk-8.2",
					"$(inherited)/half-2.0.0/include",
				);
				INSTALL_PATH = "$(HOME)/bin";
				LIBRARY_SEARCH_PATHS = /opt/local/lib;
				MACOSX_DEPLOYMENT_TARGET = 10.10;
				NEW_SETTING = "";
				ONLY_ACTIVE_ARCH = YES;
				OTHER_LDFLAGS = (
					"-lvtkIOXML-8.2",
					"-lvtkCommonDataModel-8.2",
					"-lvtkCommonCore-8.2",
					"-L/usr/local/VTK/lib",
				);
				SDKROOT = macosx;
			};
			name = Release;
		};
		2BC708DD18EDA599004DA2C9 /* Debug */ = {
			isa = XCBuildConfiguration;
			buildSettings = {
				CURRENT_PROJECT_VERSION = 1.0;
				DSTROOT = /;
				GCC_WARN_PEDANTIC = NO;
				HEADER_SEARCH_PATHS = (
					"$(inherited)",
					/Applications/Xcode.app/Contents/Developer/Toolchains/XcodeDefault.xctoolchain/usr/include,
					/opt/local/include,
					/opt/local/include/eigen3,
				);
				LIBRARY_SEARCH_PATHS = (
					"$(inherited)",
					"$(PROJECT_DIR)",
				);
				OTHER_LDFLAGS = "$(inherited)";
				PRODUCT_NAME = "$(TARGET_NAME)";
			};
			name = Debug;
		};
		2BC708DE18EDA599004DA2C9 /* Release */ = {
			isa = XCBuildConfiguration;
			buildSettings = {
				CURRENT_PROJECT_VERSION = 1.0;
				DSTROOT = /;
				GCC_WARN_PEDANTIC = NO;
				HEADER_SEARCH_PATHS = (
					"$(inherited)",
					/Applications/Xcode.app/Contents/Developer/Toolchains/XcodeDefault.xctoolchain/usr/include,
					/opt/local/include,
					/opt/local/include/eigen3,
				);
				LIBRARY_SEARCH_PATHS = (
					"$(inherited)",
					"$(PROJECT_DIR)",
				);
				OTHER_LDFLAGS = "$(inherited)";
				PRODUCT_NAME = "$(TARGET_NAME)";
			};
			name = Release;
		};
		2BC7091018EDAAA0004DA2C9 /* Debug */ = {
			isa = XCBuildConfiguration;
			buildSettings = {
				CLANG_CXX_LANGUAGE_STANDARD = "c++0x";
				GCC_PREPROCESSOR_DEFINITIONS = (
					"DEBUG=1",
					"$(inherited)",
				);
				HEADER_SEARCH_PATHS = (
					"$(inherited)",
					/Applications/Xcode.app/Contents/Developer/Toolchains/XcodeDefault.xctoolchain/usr/include,
					/opt/local/include,
					/opt/local/include/eigen3,
				);
				LIBRARY_SEARCH_PATHS = (
					"$(inherited)",
					"$(PROJECT_DIR)",
				);
				OTHER_LDFLAGS = "$(inherited)";
				PRODUCT_NAME = "$(TARGET_NAME)";
			};
			name = Debug;
		};
		2BC7091118EDAAA0004DA2C9 /* Release */ = {
			isa = XCBuildConfiguration;
			buildSettings = {
				CLANG_CXX_LANGUAGE_STANDARD = "c++0x";
				HEADER_SEARCH_PATHS = (
					"$(inherited)",
					/Applications/Xcode.app/Contents/Developer/Toolchains/XcodeDefault.xctoolchain/usr/include,
					/opt/local/include,
					/opt/local/include/eigen3,
				);
				LIBRARY_SEARCH_PATHS = (
					"$(inherited)",
					"$(PROJECT_DIR)",
				);
				OTHER_LDFLAGS = "$(inherited)";
				PRODUCT_NAME = "$(TARGET_NAME)";
			};
			name = Release;
		};
		2BD0F4FA18EED76000B3957F /* Debug */ = {
			isa = XCBuildConfiguration;
			buildSettings = {
				CLANG_CXX_LANGUAGE_STANDARD = "c++0x";
				DEPLOYMENT_LOCATION = YES;
				GCC_PREPROCESSOR_DEFINITIONS = (
					"DEBUG=1",
					"$(inherited)",
				);
				HEADER_SEARCH_PATHS = (
					"$(inherited)",
					/Applications/Xcode.app/Contents/Developer/Toolchains/XcodeDefault.xctoolchain/usr/include,
					/opt/local/include,
					/opt/local/include/eigen3,
				);
				INSTALL_PATH = "$(HOME)/bin";
				LIBRARY_SEARCH_PATHS = (
					"$(inherited)",
					"$(PROJECT_DIR)",
				);
				PRODUCT_NAME = "$(TARGET_NAME)";
			};
			name = Debug;
		};
		2BD0F4FB18EED76000B3957F /* Release */ = {
			isa = XCBuildConfiguration;
			buildSettings = {
				CLANG_CXX_LANGUAGE_STANDARD = "c++0x";
				DEPLOYMENT_LOCATION = YES;
				HEADER_SEARCH_PATHS = (
					"$(inherited)",
					/Applications/Xcode.app/Contents/Developer/Toolchains/XcodeDefault.xctoolchain/usr/include,
					/opt/local/include,
					/opt/local/include/eigen3,
				);
				INSTALL_PATH = "$(HOME)/bin";
				LIBRARY_SEARCH_PATHS = (
					"$(inherited)",
					"$(PROJECT_DIR)",
				);
				PRODUCT_NAME = "$(TARGET_NAME)";
			};
			name = Release;
		};
		2BF3B02219F82D3800A6C041 /* Debug_O */ = {
			isa = XCBuildConfiguration;
			buildSettings = {
				ALWAYS_SEARCH_USER_PATHS = NO;
				CLANG_CXX_LANGUAGE_STANDARD = "c++0x";
				CLANG_CXX_LIBRARY = "libc++";
				CLANG_ENABLE_OBJC_ARC = YES;
				CLANG_WARN_BLOCK_CAPTURE_AUTORELEASING = YES;
				CLANG_WARN_BOOL_CONVERSION = YES;
				CLANG_WARN_COMMA = YES;
				CLANG_WARN_CONSTANT_CONVERSION = YES;
				CLANG_WARN_DEPRECATED_OBJC_IMPLEMENTATIONS = YES;
				CLANG_WARN_DIRECT_OBJC_ISA_USAGE = YES_ERROR;
				CLANG_WARN_EMPTY_BODY = YES;
				CLANG_WARN_ENUM_CONVERSION = YES;
				CLANG_WARN_INFINITE_RECURSION = YES;
				CLANG_WARN_INT_CONVERSION = YES;
				CLANG_WARN_NON_LITERAL_NULL_CONVERSION = YES;
				CLANG_WARN_OBJC_IMPLICIT_RETAIN_SELF = YES;
				CLANG_WARN_OBJC_LITERAL_CONVERSION = YES;
				CLANG_WARN_OBJC_ROOT_CLASS = YES_ERROR;
				CLANG_WARN_RANGE_LOOP_ANALYSIS = YES;
				CLANG_WARN_STRICT_PROTOTYPES = YES;
				CLANG_WARN_SUSPICIOUS_MOVE = YES;
				CLANG_WARN_UNREACHABLE_CODE = YES;
				CLANG_WARN__DUPLICATE_METHOD_MATCH = YES;
				COPY_PHASE_STRIP = NO;
				DEPLOYMENT_LOCATION = YES;
				DSTROOT = /;
				ENABLE_STRICT_OBJC_MSGSEND = YES;
				ENABLE_TESTABILITY = YES;
				GCC_C_LANGUAGE_STANDARD = gnu99;
				GCC_DYNAMIC_NO_PIC = NO;
				GCC_ENABLE_OBJC_EXCEPTIONS = YES;
				GCC_NO_COMMON_BLOCKS = YES;
				GCC_OPTIMIZATION_LEVEL = 1;
				GCC_PREPROCESSOR_DEFINITIONS = (
					"DEBUG=1",
					"$(inherited)",
					VTK,
				);
				GCC_SYMBOLS_PRIVATE_EXTERN = NO;
				GCC_WARN_64_TO_32_BIT_CONVERSION = YES;
				GCC_WARN_ABOUT_RETURN_TYPE = YES_ERROR;
				GCC_WARN_UNDECLARED_SELECTOR = YES;
				GCC_WARN_UNINITIALIZED_AUTOS = YES;
				GCC_WARN_UNUSED_FUNCTION = YES;
				GCC_WARN_UNUSED_VARIABLE = YES;
				HEADER_SEARCH_PATHS = (
					"$(inherited)",
					/Applications/Xcode.app/Contents/Developer/Toolchains/XcodeDefault.xctoolchain/usr/include,
					/opt/local/include,
					/opt/local/include/eigen3,
					"/usr/local/VTK/include/vtk-8.2",
					"$(inherited)/half-2.0.0/include",
				);
				INSTALL_PATH = "$(HOME)/bin";
				LIBRARY_SEARCH_PATHS = /opt/local/lib;
				MACOSX_DEPLOYMENT_TARGET = 10.10;
				NEW_SETTING = "";
				ONLY_ACTIVE_ARCH = YES;
				OTHER_LDFLAGS = (
					"-lvtkIOXML-8.2",
					"-lvtkCommonDataModel-8.2",
					"-lvtkCommonCore-8.2",
					"-L/usr/local/VTK/lib",
				);
				SDKROOT = macosx;
			};
			name = Debug_O;
		};
		2BF3B02319F82D3800A6C041 /* Debug_O */ = {
			isa = XCBuildConfiguration;
			buildSettings = {
				CURRENT_PROJECT_VERSION = 1.0;
				DSTROOT = /;
				GCC_WARN_PEDANTIC = NO;
				HEADER_SEARCH_PATHS = (
					"$(inherited)",
					/Applications/Xcode.app/Contents/Developer/Toolchains/XcodeDefault.xctoolchain/usr/include,
					/opt/local/include,
					/opt/local/include/eigen3,
				);
				LIBRARY_SEARCH_PATHS = (
					"$(inherited)",
					"$(PROJECT_DIR)",
				);
				OTHER_LDFLAGS = "$(inherited)";
				PRODUCT_NAME = "$(TARGET_NAME)";
			};
			name = Debug_O;
		};
		2BF3B02419F82D3800A6C041 /* Debug_O */ = {
			isa = XCBuildConfiguration;
			buildSettings = {
				CLANG_CXX_LANGUAGE_STANDARD = "c++0x";
				GCC_PREPROCESSOR_DEFINITIONS = (
					"DEBUG=1",
					"$(inherited)",
				);
				HEADER_SEARCH_PATHS = (
					"$(inherited)",
					/Applications/Xcode.app/Contents/Developer/Toolchains/XcodeDefault.xctoolchain/usr/include,
					/opt/local/include,
					/opt/local/include/eigen3,
				);
				LIBRARY_SEARCH_PATHS = (
					"$(inherited)",
					"$(PROJECT_DIR)",
				);
				OTHER_LDFLAGS = "$(inherited)";
				PRODUCT_NAME = "$(TARGET_NAME)";
			};
			name = Debug_O;
		};
		2BF3B02519F82D3800A6C041 /* Debug_O */ = {
			isa = XCBuildConfiguration;
			buildSettings = {
				CLANG_CXX_LANGUAGE_STANDARD = "c++0x";
				DEPLOYMENT_LOCATION = YES;
				GCC_PREPROCESSOR_DEFINITIONS = (
					"DEBUG=1",
					"$(inherited)",
				);
				HEADER_SEARCH_PATHS = (
					"$(inherited)",
					/Applications/Xcode.app/Contents/Developer/Toolchains/XcodeDefault.xctoolchain/usr/include,
					/opt/local/include,
					/opt/local/include/eigen3,
				);
				INSTALL_PATH = "$(HOME)/bin";
				LIBRARY_SEARCH_PATHS = (
					"$(inherited)",
					"$(PROJECT_DIR)",
				);
				PRODUCT_NAME = "$(TARGET_NAME)";
			};
			name = Debug_O;
		};
		2BF3B02719F82D3800A6C041 /* Debug_O */ = {
			isa = XCBuildConfiguration;
			buildSettings = {
				CLANG_CXX_LANGUAGE_STANDARD = "c++0x";
				CLANG_ENABLE_MODULES = YES;
				CLANG_WARN_UNREACHABLE_CODE = YES;
				ENABLE_STRICT_OBJC_MSGSEND = YES;
				GCC_PREPROCESSOR_DEFINITIONS = (
					"DEBUG=1",
					"$(inherited)",
				);
				GCC_WARN_UNINITIALIZED_AUTOS = YES_AGGRESSIVE;
				LIBRARY_SEARCH_PATHS = (
					"$(inherited)",
					/usr/local/VTK/lib,
					"$(PROJECT_DIR)",
				);
				MTL_ENABLE_DEBUG_INFO = YES;
				PRODUCT_NAME = "$(TARGET_NAME)";
			};
			name = Debug_O;
		};
/* End XCBuildConfiguration section */

/* Begin XCConfigurationList section */
		2B46D14919F2B78C00E7ADFC /* Build configuration list for PBXNativeTarget "msh2vtk" */ = {
			isa = XCConfigurationList;
			buildConfigurations = (
				2B46D14A19F2B78C00E7ADFC /* Debug */,
				2B42E66121833A8B00E44058 /* Debug_RP */,
				2BF3B02719F82D3800A6C041 /* Debug_O */,
				2B46D14B19F2B78C00E7ADFC /* Release */,
			);
			defaultConfigurationIsVisible = 0;
			defaultConfigurationName = Release;
		};
		2BB25EEA22F07A72008765E9 /* Build configuration list for PBXNativeTarget "ttcr3d_raypath" */ = {
			isa = XCConfigurationList;
			buildConfigurations = (
				2BB25EE622F07A72008765E9 /* Debug */,
				2BB25EE722F07A72008765E9 /* Debug_RP */,
				2BB25EE822F07A72008765E9 /* Debug_O */,
				2BB25EE922F07A72008765E9 /* Release */,
			);
			defaultConfigurationIsVisible = 0;
			defaultConfigurationName = Release;
		};
		2BC708CE18EDA599004DA2C9 /* Build configuration list for PBXProject "ttcr" */ = {
			isa = XCConfigurationList;
			buildConfigurations = (
				2BC708DA18EDA599004DA2C9 /* Debug */,
				2B42E65C21833A8B00E44058 /* Debug_RP */,
				2BF3B02219F82D3800A6C041 /* Debug_O */,
				2BC708DB18EDA599004DA2C9 /* Release */,
			);
			defaultConfigurationIsVisible = 0;
			defaultConfigurationName = Release;
		};
		2BC708DC18EDA599004DA2C9 /* Build configuration list for PBXNativeTarget "ttcr3d" */ = {
			isa = XCConfigurationList;
			buildConfigurations = (
				2BC708DD18EDA599004DA2C9 /* Debug */,
				2B42E65D21833A8B00E44058 /* Debug_RP */,
				2BF3B02319F82D3800A6C041 /* Debug_O */,
				2BC708DE18EDA599004DA2C9 /* Release */,
			);
			defaultConfigurationIsVisible = 0;
			defaultConfigurationName = Release;
		};
		2BC7090F18EDAAA0004DA2C9 /* Build configuration list for PBXNativeTarget "ttcr2d" */ = {
			isa = XCConfigurationList;
			buildConfigurations = (
				2BC7091018EDAAA0004DA2C9 /* Debug */,
				2B42E65E21833A8B00E44058 /* Debug_RP */,
				2BF3B02419F82D3800A6C041 /* Debug_O */,
				2BC7091118EDAAA0004DA2C9 /* Release */,
			);
			defaultConfigurationIsVisible = 0;
			defaultConfigurationName = Release;
		};
		2BD0F4FC18EED76000B3957F /* Build configuration list for PBXNativeTarget "ttcr2ds" */ = {
			isa = XCConfigurationList;
			buildConfigurations = (
				2BD0F4FA18EED76000B3957F /* Debug */,
				2B42E65F21833A8B00E44058 /* Debug_RP */,
				2BF3B02519F82D3800A6C041 /* Debug_O */,
				2BD0F4FB18EED76000B3957F /* Release */,
			);
			defaultConfigurationIsVisible = 0;
			defaultConfigurationName = Release;
		};
/* End XCConfigurationList section */
	};
	rootObject = 2BC708CB18EDA599004DA2C9 /* Project object */;
}
